
Microsoft Visual Studio Solution File, Format Version 12.00
# Visual Studio Version 17
VisualStudioVersion = 17.5.33530.505
MinimumVisualStudioVersion = 10.0.40219.1
Project("{FAE04EC0-301F-11D3-BF4B-00C04F79EFBC}") = "Prueba-git", "Prueba-git\Prueba-git.csproj", "{0C852D29-0CBE-42E2-8167-FF494E9EC3EE}"
EndProject
Global
	GlobalSection(SolutionConfigurationPlatforms) = preSolution
		Debug|Any CPU = Debug|Any CPU
		Release|Any CPU = Release|Any CPU
	EndGlobalSection
	GlobalSection(ProjectConfigurationPlatforms) = postSolution
		{0C852D29-0CBE-42E2-8167-FF494E9EC3EE}.Debug|Any CPU.ActiveCfg = Debug|Any CPU
		{0C852D29-0CBE-42E2-8167-FF494E9EC3EE}.Debug|Any CPU.Build.0 = Debug|Any CPU
		{0C852D29-0CBE-42E2-8167-FF494E9EC3EE}.Release|Any CPU.ActiveCfg = Release|Any CPU
		{0C852D29-0CBE-42E2-8167-FF494E9EC3EE}.Release|Any CPU.Build.0 = Release|Any CPU
	EndGlobalSection
	GlobalSection(SolutionProperties) = preSolution
		HideSolutionNode = FALSE
	EndGlobalSection
	GlobalSection(ExtensibilityGlobals) = postSolution
		SolutionGuid = {3CB9B46D-FD88-49DD-9C1F-3B11105B3980}
	EndGlobalSection
EndGlobal
